
Microsoft Visual Studio Solution File, Format Version 12.00
# Visual Studio Version 17
VisualStudioVersion = 17.8.34408.163
MinimumVisualStudioVersion = 10.0.40219.1
Project("{2150E333-8FDC-42A3-9474-1A3956D46DE8}") = "src", "src", "{9ECAF633-B229-46F6-B056-85FDB640349F}"
EndProject
Project("{2150E333-8FDC-42A3-9474-1A3956D46DE8}") = "test", "test", "{43E7BB2B-36A0-41E9-BCCE-889600644847}"
EndProject
Project("{9A19103F-16F7-4668-BE54-9A1E7A4F7556}") = "Myrmec.Test", "test\Myrmec.Test\Myrmec.Test.csproj", "{A1D7C307-9E80-4DE6-8393-BF9A362C91BB}"
EndProject
Project("{9A19103F-16F7-4668-BE54-9A1E7A4F7556}") = "Myrmec.Mime.Test", "test\Myrmec.Mime.Test\Myrmec.Mime.Test.csproj", "{813F86E5-EFC0-42B8-93E9-B88DB6C5846D}"
EndProject
Project("{9A19103F-16F7-4668-BE54-9A1E7A4F7556}") = "Myrmec.net8", "src\Myrmec.net8\Myrmec.net8.csproj", "{669A53FB-307A-4F73-ADE4-563CD6B8F9F1}"
EndProject
Project("{9A19103F-16F7-4668-BE54-9A1E7A4F7556}") = "Myrmec.net8.Mime", "src\Myrmec.net8.Mime\Myrmec.net8.Mime.csproj", "{6148590B-6FA9-4120-8E3E-5DF0CE5D76C1}"
EndProject
Global
	GlobalSection(SolutionConfigurationPlatforms) = preSolution
		Debug|Any CPU = Debug|Any CPU
		Release|Any CPU = Release|Any CPU
	EndGlobalSection
	GlobalSection(ProjectConfigurationPlatforms) = postSolution
		{A1D7C307-9E80-4DE6-8393-BF9A362C91BB}.Debug|Any CPU.ActiveCfg = Debug|Any CPU
		{A1D7C307-9E80-4DE6-8393-BF9A362C91BB}.Debug|Any CPU.Build.0 = Debug|Any CPU
		{A1D7C307-9E80-4DE6-8393-BF9A362C91BB}.Release|Any CPU.ActiveCfg = Release|Any CPU
		{A1D7C307-9E80-4DE6-8393-BF9A362C91BB}.Release|Any CPU.Build.0 = Release|Any CPU
		{813F86E5-EFC0-42B8-93E9-B88DB6C5846D}.Debug|Any CPU.ActiveCfg = Debug|Any CPU
		{813F86E5-EFC0-42B8-93E9-B88DB6C5846D}.Debug|Any CPU.Build.0 = Debug|Any CPU
		{813F86E5-EFC0-42B8-93E9-B88DB6C5846D}.Release|Any CPU.ActiveCfg = Release|Any CPU
		{813F86E5-EFC0-42B8-93E9-B88DB6C5846D}.Release|Any CPU.Build.0 = Release|Any CPU
		{669A53FB-307A-4F73-ADE4-563CD6B8F9F1}.Debug|Any CPU.ActiveCfg = Debug|Any CPU
		{669A53FB-307A-4F73-ADE4-563CD6B8F9F1}.Debug|Any CPU.Build.0 = Debug|Any CPU
		{669A53FB-307A-4F73-ADE4-563CD6B8F9F1}.Release|Any CPU.ActiveCfg = Release|Any CPU
		{669A53FB-307A-4F73-ADE4-563CD6B8F9F1}.Release|Any CPU.Build.0 = Release|Any CPU
		{6148590B-6FA9-4120-8E3E-5DF0CE5D76C1}.Debug|Any CPU.ActiveCfg = Debug|Any CPU
		{6148590B-6FA9-4120-8E3E-5DF0CE5D76C1}.Debug|Any CPU.Build.0 = Debug|Any CPU
		{6148590B-6FA9-4120-8E3E-5DF0CE5D76C1}.Release|Any CPU.ActiveCfg = Release|Any CPU
		{6148590B-6FA9-4120-8E3E-5DF0CE5D76C1}.Release|Any CPU.Build.0 = Release|Any CPU
	EndGlobalSection
	GlobalSection(SolutionProperties) = preSolution
		HideSolutionNode = FALSE
	EndGlobalSection
	GlobalSection(NestedProjects) = preSolution
		{A1D7C307-9E80-4DE6-8393-BF9A362C91BB} = {43E7BB2B-36A0-41E9-BCCE-889600644847}
		{813F86E5-EFC0-42B8-93E9-B88DB6C5846D} = {43E7BB2B-36A0-41E9-BCCE-889600644847}
		{669A53FB-307A-4F73-ADE4-563CD6B8F9F1} = {9ECAF633-B229-46F6-B056-85FDB640349F}
		{6148590B-6FA9-4120-8E3E-5DF0CE5D76C1} = {9ECAF633-B229-46F6-B056-85FDB640349F}
	EndGlobalSection
	GlobalSection(ExtensibilityGlobals) = postSolution
		SolutionGuid = {09461581-F239-420B-99F8-294E202B3E45}
	EndGlobalSection
EndGlobal
